symfony e8ea8521793e929593813fdbcfad9e561f9daa7a
twig 661e9c7ad2820e881c93474f2fbcbe2661fd1970
monolog 20066e28117769ee38fbe974042e975172007a23
doctrine-common cc467669d08aefaa58a69ac49b542c3034ef71ac
doctrine-mongodb 5645300539e976bab19fbb64fcdcb76fcfde4f13
doctrine-mongodb-odm a6e9066af1a2027dd787f7e2179f91eb048e6293
doctrine-data-fixtures 4a8464ef83093de2378cef2770e13da7e4858ffc
assetic c63499d6e9b3e0030f89cc74ee16d0c60f991510
metadata 72f11b8ed7725f76a6bcb41d94dc25190b5283f8
pagerfanta 4c2335e37e116334f0ce1b9bc0450db5b4099155
elastica b7dd0f14c3c5b2a83ccb7b623a99e7307cabbb56
doctrine-extensions 2cfe6e68a4aae146f1c3065b099fcebab53a3ad6
zend-service 90df2b5b700af612f3ca82cfbb1934791dc59201
zend-uri 371daa521ac1d0d0b76fe596c34216203badb10e
zend-validator cedaa4f3961415a60b0e7a27f803b5bb01c476bc
zend-http 053629cd04f816dcf3e4066d2e5fef613d5ad3f8
php-git-repo 81f76172c722317d49d9b9b892d80361b88f823a
pgn4web 8255c1544b7cbb2f1c067a840840ce0d8964ef45
SensioDistributionBundle 03cc2ae87becc98c368438a3d14f2b4954be06f7
SensioGeneratorBundle 0ad8dc3803cb7faa76d03fb76c850a0ed4461853
AsseticBundle 9c1b7269a4517d1ae94af2dc0d6d6fc4b31e6c10
DoctrineMongoDBBundle 8a9fb48693fdd23167453df0d08ad11e20572003
DoctrineFixturesBundle d0d6a6e4fbbea44ab1ab7d4a107b7818d9562010
ForumBundle 4a76862d560c8b1320abaa132d6794dea58241fb
ApcBundle c325435fb20eade3819b46ecf0d931616f15c5e8
FOSUserBundle 5da4cf38634da81cb576ac19336567386820968c
FOSCommentBundle 3420078022efe50cbf1bfed61dab23f9ea1ac06c
FOQElasticaBundle f92247cc6f34efbca023f054351c84ddecb33c30
MessageBundle 301e81490a5619350c5b900c8a3d649619f8f0f2
AkismetBundle f8b8af199a43200bab8ce46c6d79e7423e8979b1
PagerfantaBundle fbfa3257d49dd023eda8ef6879f951d891099738