symfony 7d8fb3ddb93610f0c75a25ce2060dd568d36da85
twig 661e9c7ad2820e881c93474f2fbcbe2661fd1970
monolog 7e0f4ef70e6f66326b4899d1929ed603f9373f2f
doctrine-common 73b61b5078264035894047fb8b2b71ddbc69e941
assetic ff2cc17175addf307d40141198968530280693db
metadata aa04872c6f0e2b32128b62dd075e8cf97a8d93da
SensioDistributionBundle 868d8db9ca3ae41d5d6e74f3db708eb5970bc478
SensioGeneratorBundle 79c2af182331d8e04571694989cec97e6176ae84
AsseticBundle bf7ee477c1192cb8f7e27697be0b5cd263b9015d
