symfony 3e3979a7a83ec753a50288c41e6807f1b9dcbbe0
twig 661e9c7ad2820e881c93474f2fbcbe2661fd1970
monolog cf247ca0ac8dc11a4172d39cebdc3b1f711b942b
doctrine-common 00927a587c5b483f98d93a3af0a11a0a6c4ee419
doctrine-mongodb 5645300539e976bab19fbb64fcdcb76fcfde4f13
doctrine-mongodb-odm cd48f679bf621a8b4307ffeaeb01f08b3816c668
doctrine-data-fixtures 4a8464ef83093de2378cef2770e13da7e4858ffc
assetic ff2cc17175addf307d40141198968530280693db
metadata aa04872c6f0e2b32128b62dd075e8cf97a8d93da
pagerfanta 4c2335e37e116334f0ce1b9bc0450db5b4099155
elastica a69a7cbfe41a1f3ddefb6a3152cae550047f8836
doctrine-extensions aced2d8a15a53125467c06f218f95f795cd3354e
zend-service 90df2b5b700af612f3ca82cfbb1934791dc59201
zend-uri 371daa521ac1d0d0b76fe596c34216203badb10e
zend-validator cedaa4f3961415a60b0e7a27f803b5bb01c476bc
zend-http 053629cd04f816dcf3e4066d2e5fef613d5ad3f8
php-git-repo 81f76172c722317d49d9b9b892d80361b88f823a
pgn4web 8255c1544b7cbb2f1c067a840840ce0d8964ef45
SensioDistributionBundle 03cc2ae87becc98c368438a3d14f2b4954be06f7
SensioGeneratorBundle 39a54993fc26a6e29ea15877463d7305e93ba2e3
AsseticBundle bf7ee477c1192cb8f7e27697be0b5cd263b9015d
DoctrineMongoDBBundle 8a9fb48693fdd23167453df0d08ad11e20572003
DoctrineFixturesBundle d0d6a6e4fbbea44ab1ab7d4a107b7818d9562010
ForumBundle 4a76862d560c8b1320abaa132d6794dea58241fb
ApcBundle c325435fb20eade3819b46ecf0d931616f15c5e8
FOSUserBundle 2d27719b2e33501589b5e0a3d64552f6a9343193
FOSCommentBundle 636a3f345d9451ce97740c67edbef5b306cbaf40
FOQElasticaBundle f92247cc6f34efbca023f054351c84ddecb33c30
MessageBundle 74ae71d94c4d6bd8e00d7c308ea5eaae7c0eb903
AkismetBundle f8b8af199a43200bab8ce46c6d79e7423e8979b1
PagerfantaBundle fbfa3257d49dd023eda8ef6879f951d891099738